
Microsoft Visual Studio Solution File, Format Version 12.00
# Visual Studio Version 17
VisualStudioVersion = 17.4.33213.308
MinimumVisualStudioVersion = 10.0.40219.1
Project("{FAE04EC0-301F-11D3-BF4B-00C04F79EFBC}") = "formcheck", "formcheck\formcheck.csproj", "{20EB6D6C-5C85-4C6C-9EB7-E192B0CB38E7}"
EndProject
Global
	GlobalSection(SolutionConfigurationPlatforms) = preSolution
		Debug|Any CPU = Debug|Any CPU
		Release|Any CPU = Release|Any CPU
	EndGlobalSection
	GlobalSection(ProjectConfigurationPlatforms) = postSolution
		{20EB6D6C-5C85-4C6C-9EB7-E192B0CB38E7}.Debug|Any CPU.ActiveCfg = Debug|Any CPU
		{20EB6D6C-5C85-4C6C-9EB7-E192B0CB38E7}.Debug|Any CPU.Build.0 = Debug|Any CPU
		{20EB6D6C-5C85-4C6C-9EB7-E192B0CB38E7}.Release|Any CPU.ActiveCfg = Release|Any CPU
		{20EB6D6C-5C85-4C6C-9EB7-E192B0CB38E7}.Release|Any CPU.Build.0 = Release|Any CPU
	EndGlobalSection
	GlobalSection(SolutionProperties) = preSolution
		HideSolutionNode = FALSE
	EndGlobalSection
	GlobalSection(ExtensibilityGlobals) = postSolution
		SolutionGuid = {C7A519DC-3D19-4EC3-9DC9-B5717BF096E3}
	EndGlobalSection
EndGlobal
